
Microsoft Visual Studio Solution File, Format Version 12.00
# Visual Studio Version 17
VisualStudioVersion = 17.3.32922.545
MinimumVisualStudioVersion = 10.0.40219.1
Project("{8BC9CEB8-8B4A-11D0-8D11-00A0C91BC942}") = "GoalExplosionScale", "GoalExplosionScale\GoalExplosionScale.vcxproj", "{8DFB0DCC-677F-4671-846A-83B178140C24}"
EndProject
Global
	GlobalSection(SolutionConfigurationPlatforms) = preSolution
		Release|x64 = Release|x64
	EndGlobalSection
	GlobalSection(ProjectConfigurationPlatforms) = postSolution
		{8DFB0DCC-677F-4671-846A-83B178140C24}.Release|x64.ActiveCfg = Release|x64
		{8DFB0DCC-677F-4671-846A-83B178140C24}.Release|x64.Build.0 = Release|x64
	EndGlobalSection
	GlobalSection(SolutionProperties) = preSolution
		HideSolutionNode = FALSE
	EndGlobalSection
	GlobalSection(ExtensibilityGlobals) = postSolution
		SolutionGuid = {CEA876E9-220B-4693-8DC8-1CD23C7383C4}
	EndGlobalSection
EndGlobal
